PODS:
  - MagicalRecord (2.3.0-beta.3):
    - MagicalRecord/Core
  - MagicalRecord/Core (2.3.0-beta.3)
  - MBProgressHUD (0.9)
  - OMGHTTPURLRQ (2.0.1):
    - OMGHTTPURLRQ/RQ
    - OMGHTTPURLRQ/UserAgent
    - OMGHTTPURLRQ/UserAgent
  - OMGHTTPURLRQ/RQ (2.0.1):
    - OMGHTTPURLRQ/UserAgent
  - OMGHTTPURLRQ/UserAgent (2.0.1):
    - OMGHTTPURLRQ/UserAgent
  - PromiseKit (0.9.17):
    - PromiseKit/NSNotificationCenter
    - PromiseKit/NSURLConnection
    - PromiseKit/Pause
    - PromiseKit/UIActionSheet
    - PromiseKit/UIAlertView
    - PromiseKit/UIView
    - PromiseKit/UIViewController
    - PromiseKit/Until
    - PromiseKit/When
  - PromiseKit/NSNotificationCenter (0.9.17):
    - PromiseKit/Promise
  - PromiseKit/NSURLConnection (0.9.17):
    - OMGHTTPURLRQ
    - PromiseKit/Promise
  - PromiseKit/Pause (0.9.17):
    - PromiseKit/Promise
  - PromiseKit/Promise (0.9.17)
  - PromiseKit/UIActionSheet (0.9.17):
    - PromiseKit/Promise
  - PromiseKit/UIAlertView (0.9.17):
    - PromiseKit/Promise
  - PromiseKit/UIView (0.9.17):
    - PromiseKit/Promise
  - PromiseKit/UIViewController (0.9.17):
    - PromiseKit/Promise
  - PromiseKit/Until (0.9.17):
    - PromiseKit/Promise
    - PromiseKit/When
  - PromiseKit/When (0.9.17):
    - PromiseKit/Promise

DEPENDENCIES:
  - MagicalRecord (from `https://github.com/magicalpanda/MagicalRecord.git`)
  - MBProgressHUD
  - PromiseKit

EXTERNAL SOURCES:
  MagicalRecord:
    :git: https://github.com/magicalpanda/MagicalRecord.git

SPEC CHECKSUMS:
  MagicalRecord: 23dfe0350eab4767cc1ce7d247af4e4cd54ee72c
  MBProgressHUD: 2038dbcf3dce73215abed6001657043d53aa79a8
  OMGHTTPURLRQ: 4297af2a7f7ca7adb3f8331203001e0fd2dae16f
  PromiseKit: 7a18d7b8d41a156cda0268c3cb065d272d5aa554

COCOAPODS: 0.34.1
